// !$*UTF8*$!
{
	archiveVersion = 1;
	classes = {
	};
	objectVersion = 56;
	objects = {

/* Begin PBXBuildFile section */
	A1 /* AppDelegate.swift in Sources */ = {isa = PBXBuildFile; fileRef = A2 /* AppDelegate.swift */; };
	A3 /* SceneDelegate.swift in Sources */ = {isa = PBXBuildFile; fileRef = A4 /* SceneDelegate.swift */; };
	A5 /* WebViewController.swift in Sources */ = {isa = PBXBuildFile; fileRef = A6 /* WebViewController.swift */; };
	A7 /* LaunchScreen.storyboard in Resources */ = {isa = PBXBuildFile; fileRef = A8 /* LaunchScreen.storyboard */; };
/* End PBXBuildFile section */

/* Begin PBXFileReference section */
	A9 /* GeForceNOWiOS.app */ = {isa = PBXFileReference; explicitFileType = wrapper.application; includeInIndex = 0; path = GeForceNOWiOS.app; sourceTree = BUILT_PRODUCTS_DIR; };
	A2 /* AppDelegate.swift */ = {isa = PBXFileReference; lastKnownFileType = sourcecode.swift; path = AppDelegate.swift; sourceTree = "<group>"; };
	A4 /* SceneDelegate.swift */ = {isa = PBXFileReference; lastKnownFileType = sourcecode.swift; path = SceneDelegate.swift; sourceTree = "<group>"; };
	A6 /* WebViewController.swift */ = {isa = PBXFileReference; lastKnownFileType = sourcecode.swift; path = WebViewController.swift; sourceTree = "<group>"; };
	A8 /* LaunchScreen.storyboard */ = {isa = PBXFileReference; lastKnownFileType = file.storyboard; path = LaunchScreen.storyboard; sourceTree = "<group>"; };
	B1 /* Info.plist */ = {isa = PBXFileReference; lastKnownFileType = text.plist.xml; path = Info.plist; sourceTree = "<group>"; };
/* End PBXFileReference section */

/* Begin PBXFrameworksBuildPhase section */
	B2 = {
		isa = PBXFrameworksBuildPhase;
		buildActionMask = 2147483647;
		files = (
		);
		runOnlyForDeploymentPostprocessing = 0;
	};
/* End PBXFrameworksBuildPhase section */

/* Begin PBXGroup section */
	B3 = {
		isa = PBXGroup;
		children = (
			B4 /* GeForceNOWiOS */,
			B5 /* Products */,
		);
		sourceTree = "<group>";
	};
	B5 /* Products */ = {
		isa = PBXGroup;
		children = (
			A9 /* GeForceNOWiOS.app */,
		);
		name = Products;
		sourceTree = "<group>";
	};
	B4 /* GeForceNOWiOS */ = {
		isa = PBXGroup;
		children = (
			A2 /* AppDelegate.swift */,
			A4 /* SceneDelegate.swift */,
			A6 /* WebViewController.swift */,
			A8 /* LaunchScreen.storyboard */,
			B1 /* Info.plist */,
		);
		path = GeForceNOWiOS;
		sourceTree = "<group>";
	};
/* End PBXGroup section */

/* Begin PBXNativeTarget section */
	B6 /* GeForceNOWiOS */ = {
		isa = PBXNativeTarget;
		buildConfigurationList = B7;
		buildPhases = (
			B8,
			B2,
			B9,
		);
		buildRules = (
		);
		dependencies = (
		);
		name = GeForceNOWiOS;
		productName = GeForceNOWiOS;
		productReference = A9;
		productType = "com.apple.product-type.application";
	};
/* End PBXNativeTarget section */

/* Begin PBXProject section */
	BA = {
		isa = PBXProject;
		attributes = {
			LastSwiftUpdateCheck = 1600;
			LastUpgradeCheck = 1600;
			TargetAttributes = {
				B6 = {
					CreatedOnToolsVersion = 16.0;
				};
			};
		};
		buildConfigurationList = BB;
		compatibilityVersion = "Xcode 14.0";
		developmentRegion = en;
		hasScannedForEncodings = 0;
		knownRegions = (
			en,
			Base,
		);
		mainGroup = B3;
		productRefGroup = B5;
		projectDirPath = "";
		projectRoot = "";
		targets = (
			B6,
		);
	};
/* End PBXProject section */

/* Begin PBXResourcesBuildPhase section */
	B8 = {
		isa = PBXResourcesBuildPhase;
		buildActionMask = 2147483647;
		files = (
			A7 /* LaunchScreen.storyboard in Resources */,
		);
		runOnlyForDeploymentPostprocessing = 0;
	};
/* End PBXResourcesBuildPhase section */

/* Begin PBXSourcesBuildPhase section */
	B9 = {
		isa = PBXSourcesBuildPhase;
		buildActionMask = 2147483647;
		files = (
			A1 /* AppDelegate.swift in Sources */,
			A3 /* SceneDelegate.swift in Sources */,
			A5 /* WebViewController.swift in Sources */,
		);
		runOnlyForDeploymentPostprocessing = 0;
	};
/* End PBXSourcesBuildPhase section */

/* Begin XCBuildConfiguration section */
	C1 = {
		isa = XCBuildConfiguration;
		buildSettings = {
			ASSETCATALOG_COMPILER_APPICON_NAME = AppIcon;
			CODE_SIGN_STYLE = Automatic;
			CURRENT_PROJECT_VERSION = 1;
			GENERATE_INFOPLIST_FILE = NO;
			INFOPLIST_FILE = GeForceNOWiOS/Info.plist;
			IPHONEOS_DEPLOYMENT_TARGET = 16.0;
			LD_RUNPATH_SEARCH_PATHS = (
				"$(inherited)",
				"@executable_path/Frameworks",
			);
			MARKETING_VERSION = 1.0;
			PRODUCT_BUNDLE_IDENTIFIER = com.example.GeForceNOWiOS;
			PRODUCT_NAME = "$(TARGET_NAME)";
			SDKROOT = iphoneos;
			SWIFT_VERSION = 5.0;
			TARGETED_DEVICE_FAMILY = "1,2";
		};
		name = Debug;
	};
	C2 = {
		isa = XCBuildConfiguration;
		buildSettings = {
			ASSETCATALOG_COMPILER_APPICON_NAME = AppIcon;
			CODE_SIGN_STYLE = Automatic;
			CURRENT_PROJECT_VERSION = 1;
			GENERATE_INFOPLIST_FILE = NO;
			INFOPLIST_FILE = GeForceNOWiOS/Info.plist;
			IPHONEOS_DEPLOYMENT_TARGET = 16.0;
			LD_RUNPATH_SEARCH_PATHS = (
				"$(inherited)",
				"@executable_path/Frameworks",
			);
			MARKETING_VERSION = 1.0;
			PRODUCT_BUNDLE_IDENTIFIER = com.example.GeForceNOWiOS;
			PRODUCT_NAME = "$(TARGET_NAME)";
			SDKROOT = iphoneos;
			SWIFT_VERSION = 5.0;
			TARGETED_DEVICE_FAMILY = "1,2";
		};
		name = Release;
	};
	C3 = {
		isa = XCBuildConfiguration;
		buildSettings = {
			ALWAYS_SEARCH_USER_PATHS = NO;
			CLANG_ENABLE_MODULES = YES;
			CLANG_ENABLE_OBJC_ARC = YES;
			COPY_PHASE_STRIP = NO;
			ENABLE_STRICT_OBJC_MSGSEND = YES;
			GCC_C_LANGUAGE_STANDARD = gnu17;
			MTL_ENABLE_DEBUG_INFO = INCLUDE_SOURCE;
			SWIFT_OPTIMIZATION_LEVEL = "-Onone";
		};
		name = Debug;
	};
	C4 = {
		isa = XCBuildConfiguration;
		buildSettings = {
			ALWAYS_SEARCH_USER_PATHS = NO;
			CLANG_ENABLE_MODULES = YES;
			CLANG_ENABLE_OBJC_ARC = YES;
			COPY_PHASE_STRIP = NO;
			ENABLE_NS_ASSERTIONS = NO;
			ENABLE_STRICT_OBJC_MSGSEND = YES;
			GCC_C_LANGUAGE_STANDARD = gnu17;
			MTL_ENABLE_DEBUG_INFO = NO;
			SWIFT_COMPILATION_MODE = wholemodule;
			SWIFT_OPTIMIZATION_LEVEL = "-O";
		};
		name = Release;
	};
/* End XCBuildConfiguration section */

/* Begin XCConfigurationList section */
	B7 = {
		isa = XCConfigurationList;
		buildConfigurations = (
			C1,
			C2,
		);
		defaultConfigurationIsVisible = 0;
		defaultConfigurationName = Release;
	};
	BB = {
		isa = XCConfigurationList;
		buildConfigurations = (
			C3,
			C4,
		);
		defaultConfigurationIsVisible = 0;
		defaultConfigurationName = Release;
	};
/* End XCConfigurationList section */
	};
	rootObject = BA;
}
